<?xml version="1.0" encoding="utf-8"?>
<Project ToolsVersion="4.0" xmlns="http://schemas.microsoft.com/developer/msbuild/2003">
  <ItemGroup>
    <ClCompile Include="TileMap.cpp">
      <Filter>Pathfinding</Filter>
    </ClCompile>
    <ClCompile Include="WinMain.cpp" />
    <ClCompile Include="GathererHarvestStrategy.cpp">
      <Filter>Gatherers\DecisionMaking\Strategies</Filter>
    </ClCompile>
    <ClCompile Include="Resource.cpp">
      <Filter>Resources</Filter>
    </ClCompile>
    <ClCompile Include="GoalMoveToPosition.cpp">
      <Filter>Gatherers\DecisionMaking\Goals\Composite</Filter>
    </ClCompile>
    <ClCompile Include="GoalArriveAtPosition.cpp">
      <Filter>Gatherers\DecisionMaking\Goals\Atomic</Filter>
    </ClCompile>
    <ClCompile Include="GoalHarvestResource.cpp">
      <Filter>Gatherers\DecisionMaking\Goals\Atomic</Filter>
    </ClCompile>
    <ClCompile Include="GoalSeekToPosition.cpp">
      <Filter>Gatherers\DecisionMaking\Goals\Atomic</Filter>
    </ClCompile>
    <ClCompile Include="GoalWander.cpp">
      <Filter>Gatherers\DecisionMaking\Goals\Atomic</Filter>
    </ClCompile>
    <ClCompile Include="GathererStates.cpp">
      <Filter>Gatherers\FSM</Filter>
    </ClCompile>
    <ClCompile Include="GathererGoHomeStrategy.cpp">
      <Filter>Gatherers\DecisionMaking\Strategies</Filter>
    </ClCompile>
    <ClCompile Include="GathererGoToResourceSpotStrategy.cpp">
      <Filter>Gatherers\DecisionMaking\Strategies</Filter>
    </ClCompile>
    <ClCompile Include="GathererGoToResourceStrategy.cpp">
      <Filter>Gatherers\DecisionMaking\Strategies</Filter>
    </ClCompile>
    <ClCompile Include="HunterGoToHuntingSpotStrategy.cpp">
      <Filter>Hunters\DecisionMaking\Strategies</Filter>
    </ClCompile>
    <ClCompile Include="GoalMoveToPositionHunter.cpp">
      <Filter>Hunters\DecisionMaking\Goals\Composite</Filter>
    </ClCompile>
    <ClCompile Include="GoalHarvestGatherer.cpp">
      <Filter>Hunters\DecisionMaking\Goals\Atomic</Filter>
    </ClCompile>
    <ClCompile Include="GoalSeekToPositionHunter.cpp">
      <Filter>Hunters\DecisionMaking\Goals\Atomic</Filter>
    </ClCompile>
    <ClCompile Include="GoalArriveAtPositionHunter.cpp">
      <Filter>Hunters\DecisionMaking\Goals\Atomic</Filter>
    </ClCompile>
    <ClCompile Include="HunterGoHomeStrategy.cpp">
      <Filter>Hunters\DecisionMaking\Strategies</Filter>
    </ClCompile>
    <ClCompile Include="HunterGoToGathererStrategy.cpp">
      <Filter>Hunters\DecisionMaking\Strategies</Filter>
    </ClCompile>
    <ClCompile Include="HunterHarvestStrategy.cpp">
      <Filter>Hunters\DecisionMaking\Strategies</Filter>
    </ClCompile>
    <ClCompile Include="VisualSensorHunter.cpp">
      <Filter>Hunters\Sensors</Filter>
    </ClCompile>
    <ClCompile Include="HunterStates.cpp">
      <Filter>Hunters\FSM</Filter>
    </ClCompile>
    <ClCompile Include="VisualSensor.cpp">
      <Filter>Gatherers\Sensors</Filter>
    </ClCompile>
    <ClCompile Include="Gatherer.cpp">
      <Filter>Gatherers\Agent</Filter>
    </ClCompile>
    <ClCompile Include="Hunter.cpp">
      <Filter>Hunters\Agent</Filter>
    </ClCompile>
  </ItemGroup>
  <ItemGroup>
    <Text Include="map.txt">
      <Filter>Pathfinding</Filter>
    </Text>
    <Text Include="tiles.txt">
      <Filter>Pathfinding</Filter>
    </Text>
  </ItemGroup>
  <ItemGroup>
    <Filter Include="Pathfinding">
      <UniqueIdentifier>{05a685c9-45c0-4efa-9956-80a68c5e64ef}</UniqueIdentifier>
    </Filter>
    <Filter Include="Gatherers">
      <UniqueIdentifier>{aef90355-b8b4-48c6-a4a6-44f5b0eed192}</UniqueIdentifier>
    </Filter>
    <Filter Include="Resources">
      <UniqueIdentifier>{2c78f5c2-33b4-4fdf-896b-4e28a9f1782e}</UniqueIdentifier>
    </Filter>
    <Filter Include="Hunters">
      <UniqueIdentifier>{7bb38869-7ea5-47b4-b21f-43b79172bc79}</UniqueIdentifier>
    </Filter>
    <Filter Include="Gatherers\DecisionMaking">
      <UniqueIdentifier>{3e0ceca5-da8f-4626-9fb8-04b485b64f20}</UniqueIdentifier>
    </Filter>
    <Filter Include="Gatherers\DecisionMaking\Goals">
      <UniqueIdentifier>{7f7b2630-a695-4499-830b-895deb1c5657}</UniqueIdentifier>
    </Filter>
    <Filter Include="Gatherers\DecisionMaking\Goals\Composite">
      <UniqueIdentifier>{920c40d8-6be4-4176-9e2e-5c54286fb3ab}</UniqueIdentifier>
    </Filter>
    <Filter Include="Gatherers\DecisionMaking\Goals\Atomic">
      <UniqueIdentifier>{4ced00c4-f810-47e8-a163-38d552157297}</UniqueIdentifier>
    </Filter>
    <Filter Include="Gatherers\DecisionMaking\Strategies">
      <UniqueIdentifier>{5577b4cf-3cf3-429f-aa03-91ab462ca179}</UniqueIdentifier>
    </Filter>
    <Filter Include="Hunters\DecisionMaking">
      <UniqueIdentifier>{1ff44b99-513e-4fbf-b849-cf26e07628b1}</UniqueIdentifier>
    </Filter>
    <Filter Include="Hunters\DecisionMaking\Goals">
      <UniqueIdentifier>{5a687bee-d065-447b-bca7-d8adde96e388}</UniqueIdentifier>
    </Filter>
    <Filter Include="Hunters\DecisionMaking\Goals\Atomic">
      <UniqueIdentifier>{17f29cec-0b69-4906-847c-90fa4e0c0f32}</UniqueIdentifier>
    </Filter>
    <Filter Include="Hunters\DecisionMaking\Goals\Composite">
      <UniqueIdentifier>{0d6727d5-4f3d-4ebc-9f1e-b2775de262be}</UniqueIdentifier>
    </Filter>
    <Filter Include="Hunters\DecisionMaking\Strategies">
      <UniqueIdentifier>{70e44c3b-1e16-47f4-9807-02a1770d757f}</UniqueIdentifier>
    </Filter>
    <Filter Include="Gatherers\FSM">
      <UniqueIdentifier>{20b1fbb4-4190-46ca-b78c-99150a606ed3}</UniqueIdentifier>
    </Filter>
    <Filter Include="Hunters\FSM">
      <UniqueIdentifier>{c88b96fa-eb5d-4519-804c-0e7f31a5abcd}</UniqueIdentifier>
    </Filter>
    <Filter Include="Gatherers\Sensors">
      <UniqueIdentifier>{47253621-98e3-4192-97da-02aaaa317824}</UniqueIdentifier>
    </Filter>
    <Filter Include="Hunters\Sensors">
      <UniqueIdentifier>{d7319102-6d2c-4960-b1d8-ea95f7fe901f}</UniqueIdentifier>
    </Filter>
    <Filter Include="Gatherers\Agent">
      <UniqueIdentifier>{dc9abed2-0d9c-4308-bbc7-0cd0a691fd91}</UniqueIdentifier>
    </Filter>
    <Filter Include="Hunters\Agent">
      <UniqueIdentifier>{4ae7a675-6c98-47fd-9977-d7b9122b3370}</UniqueIdentifier>
    </Filter>
  </ItemGroup>
  <ItemGroup>
    <ClInclude Include="TileMap.h">
      <Filter>Pathfinding</Filter>
    </ClInclude>
    <ClInclude Include="GathererHarvestStrategy.h">
      <Filter>Gatherers\DecisionMaking\Strategies</Filter>
    </ClInclude>
    <ClInclude Include="TypeIds.h" />
    <ClInclude Include="Resource.h">
      <Filter>Resources</Filter>
    </ClInclude>
    <ClInclude Include="GoalMoveToPosition.h">
      <Filter>Gatherers\DecisionMaking\Goals\Composite</Filter>
    </ClInclude>
    <ClInclude Include="GoalArriveAtPosition.h">
      <Filter>Gatherers\DecisionMaking\Goals\Atomic</Filter>
    </ClInclude>
    <ClInclude Include="GoalHarvestResource.h">
      <Filter>Gatherers\DecisionMaking\Goals\Atomic</Filter>
    </ClInclude>
    <ClInclude Include="GoalSeekToPosition.h">
      <Filter>Gatherers\DecisionMaking\Goals\Atomic</Filter>
    </ClInclude>
    <ClInclude Include="GoalWander.h">
      <Filter>Gatherers\DecisionMaking\Goals\Atomic</Filter>
    </ClInclude>
    <ClInclude Include="GathererStates.h">
      <Filter>Gatherers\FSM</Filter>
    </ClInclude>
    <ClInclude Include="GathererGoHomeStrategy.h">
      <Filter>Gatherers\DecisionMaking\Strategies</Filter>
    </ClInclude>
    <ClInclude Include="GathererGoToResourceSpotStrategy.h">
      <Filter>Gatherers\DecisionMaking\Strategies</Filter>
    </ClInclude>
    <ClInclude Include="GathererGoToResourceStrategy.h">
      <Filter>Gatherers\DecisionMaking\Strategies</Filter>
    </ClInclude>
    <ClInclude Include="HunterGoToHuntingSpotStrategy.h">
      <Filter>Hunters\DecisionMaking\Strategies</Filter>
    </ClInclude>
    <ClInclude Include="GoalMoveToPositionHunter.h">
      <Filter>Hunters\DecisionMaking\Goals\Composite</Filter>
    </ClInclude>
    <ClInclude Include="GoalArriveAtPositionHunter.h">
      <Filter>Hunters\DecisionMaking\Goals\Atomic</Filter>
    </ClInclude>
    <ClInclude Include="GoalHarvestGatherer.h">
      <Filter>Hunters\DecisionMaking\Goals\Atomic</Filter>
    </ClInclude>
    <ClInclude Include="GoalSeekToPositionHunter.h">
      <Filter>Hunters\DecisionMaking\Goals\Atomic</Filter>
    </ClInclude>
    <ClInclude Include="HunterGoHomeStrategy.h">
      <Filter>Hunters\DecisionMaking\Strategies</Filter>
    </ClInclude>
    <ClInclude Include="HunterGoToGathererStrategy.h">
      <Filter>Hunters\DecisionMaking\Strategies</Filter>
    </ClInclude>
    <ClInclude Include="HunterHarvestStrategy.h">
      <Filter>Hunters\DecisionMaking\Strategies</Filter>
    </ClInclude>
    <ClInclude Include="VisualSensorHunter.h">
      <Filter>Hunters\Sensors</Filter>
    </ClInclude>
    <ClInclude Include="HunterStates.h">
      <Filter>Hunters\FSM</Filter>
    </ClInclude>
    <ClInclude Include="VisualSensor.h">
      <Filter>Gatherers\Sensors</Filter>
    </ClInclude>
    <ClInclude Include="Gatherer.h">
      <Filter>Gatherers\Agent</Filter>
    </ClInclude>
    <ClInclude Include="Hunter.h">
      <Filter>Hunters\Agent</Filter>
    </ClInclude>
  </ItemGroup>
</Project>